
Microsoft Visual Studio Solution File, Format Version 12.00
# Visual Studio 15
VisualStudioVersion = 15.0.28010.2041
MinimumVisualStudioVersion = 10.0.40219.1
Project("{2150E333-8FDC-42A3-9474-1A3956D46DE8}") = "src", "src", "{F851A165-98A4-4765-B481-D410AAC6871E}"
EndProject
Project("{9A19103F-16F7-4668-BE54-9A1E7A4F7556}") = "SocialHeroes.WebApi", "src\SocialHeroes.WebApi\SocialHeroes.WebApi.csproj", "{1E9F2119-43FB-499B-BA5D-0AB66DF8BCA9}"
EndProject
Project("{9A19103F-16F7-4668-BE54-9A1E7A4F7556}") = "SocialHeroes.Infra.Data", "src\SocialHeroes.Infra.Data\SocialHeroes.Infra.Data.csproj", "{3A52D7F1-959E-4082-B434-1BD7E2171CA2}"
EndProject
Project("{9A19103F-16F7-4668-BE54-9A1E7A4F7556}") = "SocialHeroes.Domain", "src\SocialHeroes.Domain\SocialHeroes.Domain.csproj", "{CC209F0E-F04B-4930-A924-E31EC3821F0C}"
EndProject
Project("{9A19103F-16F7-4668-BE54-9A1E7A4F7556}") = "SocialHeroes.Domain.Core", "src\SocialHeroes.Domain.Core\SocialHeroes.Domain.Core.csproj", "{C3A5BF18-8776-4F35-9FD2-D5D5F6067674}"
EndProject
Project("{9A19103F-16F7-4668-BE54-9A1E7A4F7556}") = "SocialHeroes.CrossCutting.Bus", "src\SocialHeroes.CrossCutting.Bus\SocialHeroes.CrossCutting.Bus.csproj", "{FF2CFC6D-DB91-44CD-92B8-ECEB6400FCDD}"
EndProject
Project("{9A19103F-16F7-4668-BE54-9A1E7A4F7556}") = "SocialHeroes.CrossCutting.IoC", "src\SocialHeroes.CrossCutting.IoC\SocialHeroes.CrossCutting.IoC.csproj", "{AC7BB3B5-64CF-48F8-A0D6-66C1FCA9281F}"
EndProject
Project("{2150E333-8FDC-42A3-9474-1A3956D46DE8}") = "1 - Presentation", "1 - Presentation", "{C162426D-BF69-485D-875D-060242AEFB42}"
EndProject
Project("{2150E333-8FDC-42A3-9474-1A3956D46DE8}") = "2 - Services", "2 - Services", "{701CB088-E02E-407E-B053-5C8AEB83BB52}"
EndProject
Project("{2150E333-8FDC-42A3-9474-1A3956D46DE8}") = "3 - Application", "3 - Application", "{DB5E12F0-D0EB-45ED-A68A-09A766D2FC56}"
EndProject
Project("{2150E333-8FDC-42A3-9474-1A3956D46DE8}") = "4 - Domain", "4 - Domain", "{50FBDDA1-E35F-4732-B059-D9CAE1CDEFA1}"
EndProject
Project("{2150E333-8FDC-42A3-9474-1A3956D46DE8}") = "5 - Infra", "5 - Infra", "{3E3BEA24-E56E-4040-8244-8F485446A186}"
EndProject
Project("{2150E333-8FDC-42A3-9474-1A3956D46DE8}") = "5.1 - Data", "5.1 - Data", "{688ABF7C-E005-4B12-8A9B-3686D6EF7833}"
EndProject
Project("{2150E333-8FDC-42A3-9474-1A3956D46DE8}") = "5.2 - CrossCutting", "5.2 - CrossCutting", "{BB3BDFC7-07F8-4737-836C-550F0F09D452}"
EndProject
Project("{9A19103F-16F7-4668-BE54-9A1E7A4F7556}") = "SocialHeroes.Application", "src\SocialHeroes.Application\SocialHeroes.Application.csproj", "{E98F72D3-BBD7-4163-B474-FE0F7957C141}"
EndProject
Global
	GlobalSection(SolutionConfigurationPlatforms) = preSolution
		Debug|Any CPU = Debug|Any CPU
		Release|Any CPU = Release|Any CPU
	EndGlobalSection
	GlobalSection(ProjectConfigurationPlatforms) = postSolution
		{1E9F2119-43FB-499B-BA5D-0AB66DF8BCA9}.Debug|Any CPU.ActiveCfg = Debug|Any CPU
		{1E9F2119-43FB-499B-BA5D-0AB66DF8BCA9}.Debug|Any CPU.Build.0 = Debug|Any CPU
		{1E9F2119-43FB-499B-BA5D-0AB66DF8BCA9}.Release|Any CPU.ActiveCfg = Release|Any CPU
		{1E9F2119-43FB-499B-BA5D-0AB66DF8BCA9}.Release|Any CPU.Build.0 = Release|Any CPU
		{3A52D7F1-959E-4082-B434-1BD7E2171CA2}.Debug|Any CPU.ActiveCfg = Debug|Any CPU
		{3A52D7F1-959E-4082-B434-1BD7E2171CA2}.Debug|Any CPU.Build.0 = Debug|Any CPU
		{3A52D7F1-959E-4082-B434-1BD7E2171CA2}.Release|Any CPU.ActiveCfg = Release|Any CPU
		{3A52D7F1-959E-4082-B434-1BD7E2171CA2}.Release|Any CPU.Build.0 = Release|Any CPU
		{CC209F0E-F04B-4930-A924-E31EC3821F0C}.Debug|Any CPU.ActiveCfg = Debug|Any CPU
		{CC209F0E-F04B-4930-A924-E31EC3821F0C}.Debug|Any CPU.Build.0 = Debug|Any CPU
		{CC209F0E-F04B-4930-A924-E31EC3821F0C}.Release|Any CPU.ActiveCfg = Release|Any CPU
		{CC209F0E-F04B-4930-A924-E31EC3821F0C}.Release|Any CPU.Build.0 = Release|Any CPU
		{C3A5BF18-8776-4F35-9FD2-D5D5F6067674}.Debug|Any CPU.ActiveCfg = Debug|Any CPU
		{C3A5BF18-8776-4F35-9FD2-D5D5F6067674}.Debug|Any CPU.Build.0 = Debug|Any CPU
		{C3A5BF18-8776-4F35-9FD2-D5D5F6067674}.Release|Any CPU.ActiveCfg = Release|Any CPU
		{C3A5BF18-8776-4F35-9FD2-D5D5F6067674}.Release|Any CPU.Build.0 = Release|Any CPU
		{FF2CFC6D-DB91-44CD-92B8-ECEB6400FCDD}.Debug|Any CPU.ActiveCfg = Debug|Any CPU
		{FF2CFC6D-DB91-44CD-92B8-ECEB6400FCDD}.Debug|Any CPU.Build.0 = Debug|Any CPU
		{FF2CFC6D-DB91-44CD-92B8-ECEB6400FCDD}.Release|Any CPU.ActiveCfg = Release|Any CPU
		{FF2CFC6D-DB91-44CD-92B8-ECEB6400FCDD}.Release|Any CPU.Build.0 = Release|Any CPU
		{AC7BB3B5-64CF-48F8-A0D6-66C1FCA9281F}.Debug|Any CPU.ActiveCfg = Debug|Any CPU
		{AC7BB3B5-64CF-48F8-A0D6-66C1FCA9281F}.Debug|Any CPU.Build.0 = Debug|Any CPU
		{AC7BB3B5-64CF-48F8-A0D6-66C1FCA9281F}.Release|Any CPU.ActiveCfg = Release|Any CPU
		{AC7BB3B5-64CF-48F8-A0D6-66C1FCA9281F}.Release|Any CPU.Build.0 = Release|Any CPU
		{E98F72D3-BBD7-4163-B474-FE0F7957C141}.Debug|Any CPU.ActiveCfg = Debug|Any CPU
		{E98F72D3-BBD7-4163-B474-FE0F7957C141}.Debug|Any CPU.Build.0 = Debug|Any CPU
		{E98F72D3-BBD7-4163-B474-FE0F7957C141}.Release|Any CPU.ActiveCfg = Release|Any CPU
		{E98F72D3-BBD7-4163-B474-FE0F7957C141}.Release|Any CPU.Build.0 = Release|Any CPU
	EndGlobalSection
	GlobalSection(SolutionProperties) = preSolution
		HideSolutionNode = FALSE
	EndGlobalSection
	GlobalSection(NestedProjects) = preSolution
		{1E9F2119-43FB-499B-BA5D-0AB66DF8BCA9} = {701CB088-E02E-407E-B053-5C8AEB83BB52}
		{3A52D7F1-959E-4082-B434-1BD7E2171CA2} = {688ABF7C-E005-4B12-8A9B-3686D6EF7833}
		{CC209F0E-F04B-4930-A924-E31EC3821F0C} = {50FBDDA1-E35F-4732-B059-D9CAE1CDEFA1}
		{C3A5BF18-8776-4F35-9FD2-D5D5F6067674} = {50FBDDA1-E35F-4732-B059-D9CAE1CDEFA1}
		{FF2CFC6D-DB91-44CD-92B8-ECEB6400FCDD} = {BB3BDFC7-07F8-4737-836C-550F0F09D452}
		{AC7BB3B5-64CF-48F8-A0D6-66C1FCA9281F} = {BB3BDFC7-07F8-4737-836C-550F0F09D452}
		{C162426D-BF69-485D-875D-060242AEFB42} = {F851A165-98A4-4765-B481-D410AAC6871E}
		{701CB088-E02E-407E-B053-5C8AEB83BB52} = {F851A165-98A4-4765-B481-D410AAC6871E}
		{DB5E12F0-D0EB-45ED-A68A-09A766D2FC56} = {F851A165-98A4-4765-B481-D410AAC6871E}
		{50FBDDA1-E35F-4732-B059-D9CAE1CDEFA1} = {F851A165-98A4-4765-B481-D410AAC6871E}
		{3E3BEA24-E56E-4040-8244-8F485446A186} = {F851A165-98A4-4765-B481-D410AAC6871E}
		{688ABF7C-E005-4B12-8A9B-3686D6EF7833} = {3E3BEA24-E56E-4040-8244-8F485446A186}
		{BB3BDFC7-07F8-4737-836C-550F0F09D452} = {3E3BEA24-E56E-4040-8244-8F485446A186}
		{E98F72D3-BBD7-4163-B474-FE0F7957C141} = {DB5E12F0-D0EB-45ED-A68A-09A766D2FC56}
	EndGlobalSection
	GlobalSection(ExtensibilityGlobals) = postSolution
		SolutionGuid = {94F0417D-EA2A-4EAA-8BDC-5E1EAF96BC6D}
	EndGlobalSection
EndGlobal
